
Microsoft Visual Studio Solution File, Format Version 12.00
# Visual Studio Version 16
VisualStudioVersion = 16.0.30128.74
MinimumVisualStudioVersion = 10.0.40219.1
Project("{FAE04EC0-301F-11D3-BF4B-00C04F79EFBC}") = "RazorAjax", "RazorAjax\RazorAjax.csproj", "{2B5030FF-15D6-457E-A491-6B5375532AF4}"
EndProject
Global
	GlobalSection(SolutionConfigurationPlatforms) = preSolution
		Debug|Any CPU = Debug|Any CPU
		Release|Any CPU = Release|Any CPU
	EndGlobalSection
	GlobalSection(ProjectConfigurationPlatforms) = postSolution
		{2B5030FF-15D6-457E-A491-6B5375532AF4}.Debug|Any CPU.ActiveCfg = Debug|Any CPU
		{2B5030FF-15D6-457E-A491-6B5375532AF4}.Debug|Any CPU.Build.0 = Debug|Any CPU
		{2B5030FF-15D6-457E-A491-6B5375532AF4}.Release|Any CPU.ActiveCfg = Release|Any CPU
		{2B5030FF-15D6-457E-A491-6B5375532AF4}.Release|Any CPU.Build.0 = Release|Any CPU
	EndGlobalSection
	GlobalSection(SolutionProperties) = preSolution
		HideSolutionNode = FALSE
	EndGlobalSection
	GlobalSection(ExtensibilityGlobals) = postSolution
		SolutionGuid = {DE154477-6220-4024-896C-E234E98714C8}
	EndGlobalSection
EndGlobal
